
Microsoft Visual Studio Solution File, Format Version 12.00
# Visual Studio 14
VisualStudioVersion = 14.0.25420.1
MinimumVisualStudioVersion = 10.0.40219.1
Project("{FAE04EC0-301F-11D3-BF4B-00C04F79EFBC}") = "PatientGenerator", "PatientGenerator\PatientGenerator.csproj", "{D54F9495-588E-412D-A599-8B11DF63A071}"
EndProject
Project("{2150E333-8FDC-42A3-9474-1A3956D46DE8}") = "Solution Items", "Solution Items", "{A39D1C59-2133-421E-AB62-86330EC64C25}"
	ProjectSection(SolutionItems) = preProject
		Solution Items\MARC.Everest.Connectors.WCF.dll = Solution Items\MARC.Everest.Connectors.WCF.dll
		Solution Items\MARC.Everest.dll = Solution Items\MARC.Everest.dll
		Solution Items\MARC.Everest.Formatters.XML.Datatypes.R1.dll = Solution Items\MARC.Everest.Formatters.XML.Datatypes.R1.dll
		Solution Items\MARC.Everest.Formatters.XML.ITS1.dll = Solution Items\MARC.Everest.Formatters.XML.ITS1.dll
		Solution Items\MARC.Everest.RMIM.CA.R020402.dll = Solution Items\MARC.Everest.RMIM.CA.R020402.dll
		Solution Items\MARC.Everest.RMIM.UV.CDAr2.dll = Solution Items\MARC.Everest.RMIM.UV.CDAr2.dll
		Solution Items\MARC.HI.EHRS.SVC.Core.dll = Solution Items\MARC.HI.EHRS.SVC.Core.dll
		Solution Items\MohawkCollege.Util.Console.Parameters.dll = Solution Items\MohawkCollege.Util.Console.Parameters.dll
		Solution Items\OHIPUtilities.dll = Solution Items\OHIPUtilities.dll
	EndProjectSection
EndProject
Project("{FAE04EC0-301F-11D3-BF4B-00C04F79EFBC}") = "PatientGenerator.Core", "PatientGenerator.Core\PatientGenerator.Core.csproj", "{189EB28F-D9E3-4786-92FB-9883135FB9BA}"
EndProject
Project("{FAE04EC0-301F-11D3-BF4B-00C04F79EFBC}") = "PatientGenerator.HL7v2", "PatientGenerator.HL7v2\PatientGenerator.HL7v2.csproj", "{F190C571-477B-4BB3-8CF8-ACD08BA67DE8}"
EndProject
Project("{FAE04EC0-301F-11D3-BF4B-00C04F79EFBC}") = "PatientGenerator.HL7v3", "PatientGenerator.HL7v3\PatientGenerator.HL7v3.csproj", "{62197E4D-6E55-49A1-87F1-4222E84BE9D0}"
EndProject
Project("{FAE04EC0-301F-11D3-BF4B-00C04F79EFBC}") = "PatientGenerator.FHIR", "PatientGenerator.FHIR\PatientGenerator.FHIR.csproj", "{921724D9-55D2-49D5-AA6B-D6D95A5BA28A}"
EndProject
Project("{FAE04EC0-301F-11D3-BF4B-00C04F79EFBC}") = "PatientGenerator.Tests", "PatientGenerator.Tests\PatientGenerator.Tests.csproj", "{A929E6D8-2920-4581-A482-B688D866B7CE}"
EndProject
Project("{FAE04EC0-301F-11D3-BF4B-00C04F79EFBC}") = "PatientGenerator.Messaging", "PatientGenerator.Messaging\PatientGenerator.Messaging.csproj", "{1EC31F97-BBD0-467E-B6A4-A0750FB61E62}"
EndProject
Project("{FAE04EC0-301F-11D3-BF4B-00C04F79EFBC}") = "PatientGenerator.Persistence", "PatientGenerator.Persistence\PatientGenerator.Persistence.csproj", "{028C97D6-F419-478F-A226-A269516DCE1A}"
EndProject
Project("{FAE04EC0-301F-11D3-BF4B-00C04F79EFBC}") = "PatientGenerator.Randomizer", "PatientGenerator.Randomizer\PatientGenerator.Randomizer.csproj", "{CA719D41-4349-4EE4-BE68-2553600D230F}"
EndProject
Project("{2150E333-8FDC-42A3-9474-1A3956D46DE8}") = ".nuget", ".nuget", "{0918EE4E-CD0E-4769-9842-A95CC480D7CE}"
	ProjectSection(SolutionItems) = preProject
		.nuget\NuGet.Config = .nuget\NuGet.Config
		.nuget\NuGet.exe = .nuget\NuGet.exe
		.nuget\NuGet.targets = .nuget\NuGet.targets
	EndProjectSection
EndProject
Global
	GlobalSection(SolutionConfigurationPlatforms) = preSolution
		Debug|Any CPU = Debug|Any CPU
		Release|Any CPU = Release|Any CPU
	EndGlobalSection
	GlobalSection(ProjectConfigurationPlatforms) = postSolution
		{D54F9495-588E-412D-A599-8B11DF63A071}.Debug|Any CPU.ActiveCfg = Debug|Any CPU
		{D54F9495-588E-412D-A599-8B11DF63A071}.Debug|Any CPU.Build.0 = Debug|Any CPU
		{D54F9495-588E-412D-A599-8B11DF63A071}.Release|Any CPU.ActiveCfg = Release|Any CPU
		{D54F9495-588E-412D-A599-8B11DF63A071}.Release|Any CPU.Build.0 = Release|Any CPU
		{189EB28F-D9E3-4786-92FB-9883135FB9BA}.Debug|Any CPU.ActiveCfg = Debug|Any CPU
		{189EB28F-D9E3-4786-92FB-9883135FB9BA}.Debug|Any CPU.Build.0 = Debug|Any CPU
		{189EB28F-D9E3-4786-92FB-9883135FB9BA}.Release|Any CPU.ActiveCfg = Release|Any CPU
		{189EB28F-D9E3-4786-92FB-9883135FB9BA}.Release|Any CPU.Build.0 = Release|Any CPU
		{F190C571-477B-4BB3-8CF8-ACD08BA67DE8}.Debug|Any CPU.ActiveCfg = Debug|Any CPU
		{F190C571-477B-4BB3-8CF8-ACD08BA67DE8}.Debug|Any CPU.Build.0 = Debug|Any CPU
		{F190C571-477B-4BB3-8CF8-ACD08BA67DE8}.Release|Any CPU.ActiveCfg = Release|Any CPU
		{F190C571-477B-4BB3-8CF8-ACD08BA67DE8}.Release|Any CPU.Build.0 = Release|Any CPU
		{62197E4D-6E55-49A1-87F1-4222E84BE9D0}.Debug|Any CPU.ActiveCfg = Debug|Any CPU
		{62197E4D-6E55-49A1-87F1-4222E84BE9D0}.Debug|Any CPU.Build.0 = Debug|Any CPU
		{62197E4D-6E55-49A1-87F1-4222E84BE9D0}.Release|Any CPU.ActiveCfg = Release|Any CPU
		{62197E4D-6E55-49A1-87F1-4222E84BE9D0}.Release|Any CPU.Build.0 = Release|Any CPU
		{921724D9-55D2-49D5-AA6B-D6D95A5BA28A}.Debug|Any CPU.ActiveCfg = Debug|Any CPU
		{921724D9-55D2-49D5-AA6B-D6D95A5BA28A}.Debug|Any CPU.Build.0 = Debug|Any CPU
		{921724D9-55D2-49D5-AA6B-D6D95A5BA28A}.Release|Any CPU.ActiveCfg = Release|Any CPU
		{921724D9-55D2-49D5-AA6B-D6D95A5BA28A}.Release|Any CPU.Build.0 = Release|Any CPU
		{A929E6D8-2920-4581-A482-B688D866B7CE}.Debug|Any CPU.ActiveCfg = Debug|Any CPU
		{A929E6D8-2920-4581-A482-B688D866B7CE}.Debug|Any CPU.Build.0 = Debug|Any CPU
		{A929E6D8-2920-4581-A482-B688D866B7CE}.Release|Any CPU.ActiveCfg = Release|Any CPU
		{A929E6D8-2920-4581-A482-B688D866B7CE}.Release|Any CPU.Build.0 = Release|Any CPU
		{1EC31F97-BBD0-467E-B6A4-A0750FB61E62}.Debug|Any CPU.ActiveCfg = Debug|Any CPU
		{1EC31F97-BBD0-467E-B6A4-A0750FB61E62}.Debug|Any CPU.Build.0 = Debug|Any CPU
		{1EC31F97-BBD0-467E-B6A4-A0750FB61E62}.Release|Any CPU.ActiveCfg = Release|Any CPU
		{1EC31F97-BBD0-467E-B6A4-A0750FB61E62}.Release|Any CPU.Build.0 = Release|Any CPU
		{028C97D6-F419-478F-A226-A269516DCE1A}.Debug|Any CPU.ActiveCfg = Debug|Any CPU
		{028C97D6-F419-478F-A226-A269516DCE1A}.Debug|Any CPU.Build.0 = Debug|Any CPU
		{028C97D6-F419-478F-A226-A269516DCE1A}.Release|Any CPU.ActiveCfg = Release|Any CPU
		{028C97D6-F419-478F-A226-A269516DCE1A}.Release|Any CPU.Build.0 = Release|Any CPU
		{CA719D41-4349-4EE4-BE68-2553600D230F}.Debug|Any CPU.ActiveCfg = Debug|Any CPU
		{CA719D41-4349-4EE4-BE68-2553600D230F}.Debug|Any CPU.Build.0 = Debug|Any CPU
		{CA719D41-4349-4EE4-BE68-2553600D230F}.Release|Any CPU.ActiveCfg = Release|Any CPU
		{CA719D41-4349-4EE4-BE68-2553600D230F}.Release|Any CPU.Build.0 = Release|Any CPU
	EndGlobalSection
	GlobalSection(SolutionProperties) = preSolution
		HideSolutionNode = FALSE
	EndGlobalSection
EndGlobal
