
Microsoft Visual Studio Solution File, Format Version 12.00
# Visual Studio 14
VisualStudioVersion = 14.0.24720.0
MinimumVisualStudioVersion = 10.0.40219.1
Project("{FAE04EC0-301F-11D3-BF4B-00C04F79EFBC}") = "PatientGenerator", "PatientGenerator\PatientGenerator.csproj", "{D54F9495-588E-412D-A599-8B11DF63A071}"
EndProject
Project("{2150E333-8FDC-42A3-9474-1A3956D46DE8}") = "Solution Items", "Solution Items", "{A39D1C59-2133-421E-AB62-86330EC64C25}"
	ProjectSection(SolutionItems) = preProject
		Solution Items\MARC.Everest.Connectors.WCF.dll = Solution Items\MARC.Everest.Connectors.WCF.dll
		Solution Items\MARC.Everest.dll = Solution Items\MARC.Everest.dll
		Solution Items\MARC.Everest.Formatters.XML.Datatypes.R1.dll = Solution Items\MARC.Everest.Formatters.XML.Datatypes.R1.dll
		Solution Items\MARC.Everest.Formatters.XML.ITS1.dll = Solution Items\MARC.Everest.Formatters.XML.ITS1.dll
		Solution Items\MARC.Everest.RMIM.CA.R020402.dll = Solution Items\MARC.Everest.RMIM.CA.R020402.dll
		Solution Items\MARC.Everest.RMIM.UV.CDAr2.dll = Solution Items\MARC.Everest.RMIM.UV.CDAr2.dll
		Solution Items\MARC.HI.EHRS.SVC.Core.dll = Solution Items\MARC.HI.EHRS.SVC.Core.dll
		Solution Items\NHapi.Base.dll = Solution Items\NHapi.Base.dll
		Solution Items\NHapi.Model.V231.dll = Solution Items\NHapi.Model.V231.dll
		Solution Items\NHapi.Model.V25.dll = Solution Items\NHapi.Model.V25.dll
	EndProjectSection
EndProject
Global
	GlobalSection(SolutionConfigurationPlatforms) = preSolution
		Debug|Any CPU = Debug|Any CPU
		Release|Any CPU = Release|Any CPU
	EndGlobalSection
	GlobalSection(ProjectConfigurationPlatforms) = postSolution
		{D54F9495-588E-412D-A599-8B11DF63A071}.Debug|Any CPU.ActiveCfg = Debug|Any CPU
		{D54F9495-588E-412D-A599-8B11DF63A071}.Debug|Any CPU.Build.0 = Debug|Any CPU
		{D54F9495-588E-412D-A599-8B11DF63A071}.Release|Any CPU.ActiveCfg = Release|Any CPU
		{D54F9495-588E-412D-A599-8B11DF63A071}.Release|Any CPU.Build.0 = Release|Any CPU
	EndGlobalSection
	GlobalSection(SolutionProperties) = preSolution
		HideSolutionNode = FALSE
	EndGlobalSection
EndGlobal
